<?xml version="1.0" encoding="utf-8"?>
<Project ToolsVersion="4.0" xmlns="http://schemas.microsoft.com/developer/msbuild/2003">
  <ItemGroup>
    <Filter Include="Header-Files">
      <UniqueIdentifier>{d0803401-7996-4ad4-bf93-c36aaeffba60}</UniqueIdentifier>
    </Filter>
    <Filter Include="Source-Files">
      <UniqueIdentifier>{1ab6c010-79c6-43c8-86a3-561a4b523e60}</UniqueIdentifier>
    </Filter>
  </ItemGroup>
  <ItemGroup>
    <ClInclude Include="LibLow.hh" />
    <ClInclude Include="LibLow\Command.hh">
      <Filter>Header-Files</Filter>
    </ClInclude>
    <ClInclude Include="LibLow\Object.hh">
      <Filter>Header-Files</Filter>
    </ClInclude>
  </ItemGroup>
  <ItemGroup>
    <ClCompile Include="Command.cc">
      <Filter>Source-Files</Filter>
    </ClCompile>
    <ClCompile Include="Object.cc">
      <Filter>Source-Files</Filter>
    </ClCompile>
  </ItemGroup>
</Project>